{
  "version": 4,
  "terraform_version": "1.14.3",
  "serial": 22,
  "lineage": "51bc78d5-db31-a1fb-46e7-6812f47add96",
  "outputs": {},
  "resources": [
    {
      "mode": "data",
      "type": "digitalocean_ssh_key",
      "name": "terraform",
      "provider": "provider[\"registry.terraform.io/digitalocean/digitalocean\"]",
      "instances": [
        {
          "schema_version": 0,
          "attributes": {
            "fingerprint": "03:ea:75:ce:24:c8:72:fe:b2:6c:8b:e3:29:fe:b9:e2",
            "id": 53134890,
            "name": "terraform_ed25519",
            "public_key": "ssh-ed25519 AAAAC3NzaC1lZDI1NTE5AAAAIOYFDsqYu7hW4s/GnLkZLmKgGZ8kx6qaiQ1zraCcsp8h Digital Ocean"
          },
          "sensitive_attributes": [],
          "identity_schema_version": 0
        }
      ]
    },
    {
      "mode": "managed",
      "type": "digitalocean_droplet",
      "name": "preview",
      "provider": "provider[\"registry.terraform.io/digitalocean/digitalocean\"]",
      "instances": [
        {
          "schema_version": 1,
          "attributes": {
            "backup_policy": [],
            "backups": false,
            "created_at": "2026-01-08T21:13:27Z",
            "disk": 25,
            "droplet_agent": null,
            "graceful_shutdown": false,
            "id": "542972264",
            "image": "ubuntu-25-10-x64",
            "ipv4_address": "162.243.75.238",
            "ipv4_address_private": "10.100.0.2",
            "ipv6": false,
            "ipv6_address": "",
            "locked": false,
            "memory": 1024,
            "monitoring": false,
            "name": "preview",
            "price_hourly": 0.00893,
            "price_monthly": 6,
            "private_networking": true,
            "region": "nyc2",
            "resize_disk": true,
            "size": "s-1vcpu-1gb",
            "ssh_keys": [
              "53134890"
            ],
            "status": "active",
            "tags": null,
            "timeouts": null,
            "urn": "do:droplet:542972264",
            "user_data": null,
            "vcpus": 1,
            "volume_ids": [],
            "vpc_uuid": "cd8149d9-14a8-4e33-9389-0a0aacfef71c"
          },
          "sensitive_attributes": [],
          "identity_schema_version": 0,
          "private": "eyJlMmJmYjczMC1lY2FhLTExZTYtOGY4OC0zNDM2M2JjN2M0YzAiOnsiY3JlYXRlIjozNjAwMDAwMDAwMDAwLCJkZWxldGUiOjYwMDAwMDAwMDAwLCJ1cGRhdGUiOjM2MDAwMDAwMDAwMDB9LCJzY2hlbWFfdmVyc2lvbiI6IjEifQ==",
          "dependencies": [
            "data.digitalocean_ssh_key.terraform"
          ]
        }
      ]
    }
  ],
  "check_results": null
}
